Microsoft Visual Studio Solution File, Format Version 10.00
# Visual Studio 2008
Project("{8BC9CEB8-8B4A-11D0-8D11-00A0C91BC942}") = "Vindaire", "VindaireVC9.vcproj", "{A399DA5A-9695-4DDE-BB6A-8AF4508B8A1A}"
EndProject
Global
	GlobalSection(SolutionConfigurationPlatforms) = preSolution
		Debug|Win32 = Debug|Win32
		Release|Win32 = Release|Win32
	EndGlobalSection
	GlobalSection(ProjectConfigurationPlatforms) = postSolution
		{A399DA5A-9695-4DDE-BB6A-8AF4508B8A1A}.Debug|Win32.ActiveCfg = Debug|Win32
		{A399DA5A-9695-4DDE-BB6A-8AF4508B8A1A}.Debug|Win32.Build.0 = Debug|Win32
		{A399DA5A-9695-4DDE-BB6A-8AF4508B8A1A}.Release|Win32.ActiveCfg = Release|Win32
		{A399DA5A-9695-4DDE-BB6A-8AF4508B8A1A}.Release|Win32.Build.0 = Release|Win32
	EndGlobalSection
	GlobalSection(SolutionProperties) = preSolution
		HideSolutionNode = FALSE
	EndGlobalSection
EndGlobal
